Microsoft Visual Studio Solution File, Format Version 12.00
# Visual Studio 15
Project("{8BC9CEB8-8B4A-11D0-8D11-00A0C91BC942}") = "ALL_BUILD", "ALL_BUILD.vcxproj", "{835D0951-9F14-35FE-8C09-7017751D5C0D}"
	ProjectSection(ProjectDependencies) = postProject
		{9AD402D1-FAF5-3B2D-8B56-C076C058544D} = {9AD402D1-FAF5-3B2D-8B56-C076C058544D}
		{2AEC470A-258F-3466-BD90-C613EE84C4EA} = {2AEC470A-258F-3466-BD90-C613EE84C4EA}
	EndProjectSection
EndProject
Project("{8BC9CEB8-8B4A-11D0-8D11-00A0C91BC942}") = "INSTALL", "INSTALL.vcxproj", "{F1F71912-F9B3-3023-A774-88378C496732}"
	ProjectSection(ProjectDependencies) = postProject
		{835D0951-9F14-35FE-8C09-7017751D5C0D} = {835D0951-9F14-35FE-8C09-7017751D5C0D}
		{9AD402D1-FAF5-3B2D-8B56-C076C058544D} = {9AD402D1-FAF5-3B2D-8B56-C076C058544D}
	EndProjectSection
EndProject
Project("{8BC9CEB8-8B4A-11D0-8D11-00A0C91BC942}") = "ZERO_CHECK", "ZERO_CHECK.vcxproj", "{9AD402D1-FAF5-3B2D-8B56-C076C058544D}"
	ProjectSection(ProjectDependencies) = postProject
	EndProjectSection
EndProject
Project("{8BC9CEB8-8B4A-11D0-8D11-00A0C91BC942}") = "copy", "copy.vcxproj", "{F04541A4-E203-3080-84F3-3A6AB97778DE}"
	ProjectSection(ProjectDependencies) = postProject
		{9AD402D1-FAF5-3B2D-8B56-C076C058544D} = {9AD402D1-FAF5-3B2D-8B56-C076C058544D}
	EndProjectSection
EndProject
Project("{8BC9CEB8-8B4A-11D0-8D11-00A0C91BC942}") = "libpublic", "libpublic.vcxproj", "{2AEC470A-258F-3466-BD90-C613EE84C4EA}"
	ProjectSection(ProjectDependencies) = postProject
		{9AD402D1-FAF5-3B2D-8B56-C076C058544D} = {9AD402D1-FAF5-3B2D-8B56-C076C058544D}
	EndProjectSection
EndProject
Global
	GlobalSection(SolutionConfigurationPlatforms) = preSolution
		Debug|Win32 = Debug|Win32
		Release|Win32 = Release|Win32
		MinSizeRel|Win32 = MinSizeRel|Win32
		RelWithDebInfo|Win32 = RelWithDebInfo|Win32
	EndGlobalSection
	GlobalSection(ProjectConfigurationPlatforms) = postSolution
		{835D0951-9F14-35FE-8C09-7017751D5C0D}.Debug|Win32.ActiveCfg = Debug|Win32
		{835D0951-9F14-35FE-8C09-7017751D5C0D}.Debug|Win32.Build.0 = Debug|Win32
		{835D0951-9F14-35FE-8C09-7017751D5C0D}.Release|Win32.ActiveCfg = Release|Win32
		{835D0951-9F14-35FE-8C09-7017751D5C0D}.Release|Win32.Build.0 = Release|Win32
		{835D0951-9F14-35FE-8C09-7017751D5C0D}.MinSizeRel|Win32.ActiveCfg = MinSizeRel|Win32
		{835D0951-9F14-35FE-8C09-7017751D5C0D}.MinSizeRel|Win32.Build.0 = MinSizeRel|Win32
		{835D0951-9F14-35FE-8C09-7017751D5C0D}.RelWithDebInfo|Win32.ActiveCfg = RelWithDebInfo|Win32
		{835D0951-9F14-35FE-8C09-7017751D5C0D}.RelWithDebInfo|Win32.Build.0 = RelWithDebInfo|Win32
		{F1F71912-F9B3-3023-A774-88378C496732}.Debug|Win32.ActiveCfg = Debug|Win32
		{F1F71912-F9B3-3023-A774-88378C496732}.Release|Win32.ActiveCfg = Release|Win32
		{F1F71912-F9B3-3023-A774-88378C496732}.MinSizeRel|Win32.ActiveCfg = MinSizeRel|Win32
		{F1F71912-F9B3-3023-A774-88378C496732}.RelWithDebInfo|Win32.ActiveCfg = RelWithDebInfo|Win32
		{9AD402D1-FAF5-3B2D-8B56-C076C058544D}.Debug|Win32.ActiveCfg = Debug|Win32
		{9AD402D1-FAF5-3B2D-8B56-C076C058544D}.Debug|Win32.Build.0 = Debug|Win32
		{9AD402D1-FAF5-3B2D-8B56-C076C058544D}.Release|Win32.ActiveCfg = Release|Win32
		{9AD402D1-FAF5-3B2D-8B56-C076C058544D}.Release|Win32.Build.0 = Release|Win32
		{9AD402D1-FAF5-3B2D-8B56-C076C058544D}.MinSizeRel|Win32.ActiveCfg = MinSizeRel|Win32
		{9AD402D1-FAF5-3B2D-8B56-C076C058544D}.MinSizeRel|Win32.Build.0 = MinSizeRel|Win32
		{9AD402D1-FAF5-3B2D-8B56-C076C058544D}.RelWithDebInfo|Win32.ActiveCfg = RelWithDebInfo|Win32
		{9AD402D1-FAF5-3B2D-8B56-C076C058544D}.RelWithDebInfo|Win32.Build.0 = RelWithDebInfo|Win32
		{F04541A4-E203-3080-84F3-3A6AB97778DE}.Debug|Win32.ActiveCfg = Debug|Win32
		{F04541A4-E203-3080-84F3-3A6AB97778DE}.Release|Win32.ActiveCfg = Release|Win32
		{F04541A4-E203-3080-84F3-3A6AB97778DE}.MinSizeRel|Win32.ActiveCfg = MinSizeRel|Win32
		{F04541A4-E203-3080-84F3-3A6AB97778DE}.RelWithDebInfo|Win32.ActiveCfg = RelWithDebInfo|Win32
		{2AEC470A-258F-3466-BD90-C613EE84C4EA}.Debug|Win32.ActiveCfg = Debug|Win32
		{2AEC470A-258F-3466-BD90-C613EE84C4EA}.Debug|Win32.Build.0 = Debug|Win32
		{2AEC470A-258F-3466-BD90-C613EE84C4EA}.Release|Win32.ActiveCfg = Release|Win32
		{2AEC470A-258F-3466-BD90-C613EE84C4EA}.Release|Win32.Build.0 = Release|Win32
		{2AEC470A-258F-3466-BD90-C613EE84C4EA}.MinSizeRel|Win32.ActiveCfg = MinSizeRel|Win32
		{2AEC470A-258F-3466-BD90-C613EE84C4EA}.MinSizeRel|Win32.Build.0 = MinSizeRel|Win32
		{2AEC470A-258F-3466-BD90-C613EE84C4EA}.RelWithDebInfo|Win32.ActiveCfg = RelWithDebInfo|Win32
		{2AEC470A-258F-3466-BD90-C613EE84C4EA}.RelWithDebInfo|Win32.Build.0 = RelWithDebInfo|Win32
	EndGlobalSection
	GlobalSection(ExtensibilityGlobals) = postSolution
		SolutionGuid = {48D3F327-D2EC-33D5-9645-09C5A18FD11C}
	EndGlobalSection
	GlobalSection(ExtensibilityAddIns) = postSolution
	EndGlobalSection
EndGlobal
